// !$*UTF8*$!
{
	archiveVersion = 1;
	classes = {
	};
	objectVersion = 46;
	objects = {

/* Begin PBXBuildFile section */
		BF42DD761B9618710096167C /* AppDelegate.swift in Sources */ = {isa = PBXBuildFile; fileRef = BF42DD751B9618710096167C /* AppDelegate.swift */; };
		BF42DD781B9618710096167C /* BaseViewController.swift in Sources */ = {isa = PBXBuildFile; fileRef = BF42DD771B9618710096167C /* BaseViewController.swift */; };
		BF42DD7B1B9618710096167C /* Main.storyboard in Resources */ = {isa = PBXBuildFile; fileRef = BF42DD791B9618710096167C /* Main.storyboard */; };
		BF42DD7E1B9618710096167C /* Geomento.xcdatamodeld in Sources */ = {isa = PBXBuildFile; fileRef = BF42DD7C1B9618710096167C /* Geomento.xcdatamodeld */; };
		BF42DD801B9618710096167C /* Assets.xcassets in Resources */ = {isa = PBXBuildFile; fileRef = BF42DD7F1B9618710096167C /* Assets.xcassets */; };
		BF42DD831B9618710096167C /* LaunchScreen.storyboard in Resources */ = {isa = PBXBuildFile; fileRef = BF42DD811B9618710096167C /* LaunchScreen.storyboard */; };
		BF42DD8C1B961A780096167C /* Spot+CoreDataProperties.swift in Sources */ = {isa = PBXBuildFile; fileRef = BF42DD8A1B961A780096167C /* Spot+CoreDataProperties.swift */; settings = {ASSET_TAGS = (); }; };
		BF42DD8D1B961A780096167C /* Spot.swift in Sources */ = {isa = PBXBuildFile; fileRef = BF42DD8B1B961A780096167C /* Spot.swift */; settings = {ASSET_TAGS = (); }; };
		BF42DD921B961AEC0096167C /* ListViewController.swift in Sources */ = {isa = PBXBuildFile; fileRef = BF42DD911B961AEC0096167C /* ListViewController.swift */; settings = {ASSET_TAGS = (); }; };
		BF42DD961B961DEB0096167C /* PersitenceManager.swift in Sources */ = {isa = PBXBuildFile; fileRef = BF42DD951B961DEB0096167C /* PersitenceManager.swift */; settings = {ASSET_TAGS = (); }; };
		BF42DD981B9623470096167C /* EditSpotViewController.swift in Sources */ = {isa = PBXBuildFile; fileRef = BF42DD971B9623470096167C /* EditSpotViewController.swift */; settings = {ASSET_TAGS = (); }; };
		BF42DD9B1B962E820096167C /* Utils.swift in Sources */ = {isa = PBXBuildFile; fileRef = BF42DD9A1B962E820096167C /* Utils.swift */; settings = {ASSET_TAGS = (); }; };
		BFA5230D1B976343007F25E3 /* SpotTableViewCell.swift in Sources */ = {isa = PBXBuildFile; fileRef = BFA5230C1B976343007F25E3 /* SpotTableViewCell.swift */; settings = {ASSET_TAGS = (); }; };
		BFD99D001B977C460088EE35 /* MapViewController.swift in Sources */ = {isa = PBXBuildFile; fileRef = BFD99CFF1B977C460088EE35 /* MapViewController.swift */; settings = {ASSET_TAGS = (); }; };
		BFD99D021B977CA20088EE35 /* SpotsViewController.swift in Sources */ = {isa = PBXBuildFile; fileRef = BFD99D011B977CA20088EE35 /* SpotsViewController.swift */; settings = {ASSET_TAGS = (); }; };
/* End PBXBuildFile section */

/* Begin PBXFileReference section */
		BF42DD721B9618710096167C /* Geomento.app */ = {isa = PBXFileReference; explicitFileType = wrapper.application; includeInIndex = 0; path = Geomento.app; sourceTree = BUILT_PRODUCTS_DIR; };
		BF42DD751B9618710096167C /* AppDelegate.swift */ = {isa = PBXFileReference; lastKnownFileType = sourcecode.swift; path = AppDelegate.swift; sourceTree = "<group>"; };
		BF42DD771B9618710096167C /* BaseViewController.swift */ = {isa = PBXFileReference; lastKnownFileType = sourcecode.swift; path = BaseViewController.swift; sourceTree = "<group>"; };
		BF42DD7A1B9618710096167C /* Base */ = {isa = PBXFileReference; lastKnownFileType = file.storyboard; name = Base; path = Base.lproj/Main.storyboard; sourceTree = "<group>"; };
		BF42DD7D1B9618710096167C /* Geomento.xcdatamodel */ = {isa = PBXFileReference; lastKnownFileType = wrapper.xcdatamodel; path = Geomento.xcdatamodel; sourceTree = "<group>"; };
		BF42DD7F1B9618710096167C /* Assets.xcassets */ = {isa = PBXFileReference; lastKnownFileType = folder.assetcatalog; path = Assets.xcassets; sourceTree = "<group>"; };
		BF42DD821B9618710096167C /* Base */ = {isa = PBXFileReference; lastKnownFileType = file.storyboard; name = Base; path = Base.lproj/LaunchScreen.storyboard; sourceTree = "<group>"; };
		BF42DD841B9618710096167C /* Info.plist */ = {isa = PBXFileReference; lastKnownFileType = text.plist.xml; path = Info.plist; sourceTree = "<group>"; };
		BF42DD8A1B961A780096167C /* Spot+CoreDataProperties.swift */ = {isa = PBXFileReference; fileEncoding = 4; lastKnownFileType = sourcecode.swift; name = "Spot+CoreDataProperties.swift"; path = "Geomento/Spot+CoreDataProperties.swift"; sourceTree = "<group>"; };
		BF42DD8B1B961A780096167C /* Spot.swift */ = {isa = PBXFileReference; fileEncoding = 4; lastKnownFileType = sourcecode.swift; name = Spot.swift; path = Geomento/Spot.swift; sourceTree = "<group>"; };
		BF42DD911B961AEC0096167C /* ListViewController.swift */ = {isa = PBXFileReference; fileEncoding = 4; lastKnownFileType = sourcecode.swift; path = ListViewController.swift; sourceTree = "<group>"; };
		BF42DD951B961DEB0096167C /* PersitenceManager.swift */ = {isa = PBXFileReference; fileEncoding = 4; lastKnownFileType = sourcecode.swift; path = PersitenceManager.swift; sourceTree = "<group>"; };
		BF42DD971B9623470096167C /* EditSpotViewController.swift */ = {isa = PBXFileReference; fileEncoding = 4; lastKnownFileType = sourcecode.swift; path = EditSpotViewController.swift; sourceTree = "<group>"; };
		BF42DD9A1B962E820096167C /* Utils.swift */ = {isa = PBXFileReference; fileEncoding = 4; lastKnownFileType = sourcecode.swift; path = Utils.swift; sourceTree = "<group>"; };
		BFA5230C1B976343007F25E3 /* SpotTableViewCell.swift */ = {isa = PBXFileReference; fileEncoding = 4; lastKnownFileType = sourcecode.swift; path = SpotTableViewCell.swift; sourceTree = "<group>"; };
		BFD99CFF1B977C460088EE35 /* MapViewController.swift */ = {isa = PBXFileReference; fileEncoding = 4; lastKnownFileType = sourcecode.swift; path = MapViewController.swift; sourceTree = "<group>"; };
		BFD99D011B977CA20088EE35 /* SpotsViewController.swift */ = {isa = PBXFileReference; fileEncoding = 4; lastKnownFileType = sourcecode.swift; path = SpotsViewController.swift; sourceTree = "<group>"; };
/* End PBXFileReference section */

/* Begin PBXFrameworksBuildPhase section */
		BF42DD6F1B9618710096167C /* Frameworks */ = {
			isa = PBXFrameworksBuildPhase;
			buildActionMask = 2147483647;
			files = (
			);
			runOnlyForDeploymentPostprocessing = 0;
		};
/* End PBXFrameworksBuildPhase section */

/* Begin PBXGroup section */
		BF42DD691B9618710096167C = {
			isa = PBXGroup;
			children = (
				BF42DD741B9618710096167C /* Geomento */,
				BF42DD731B9618710096167C /* Products */,
			);
			sourceTree = "<group>";
		};
		BF42DD731B9618710096167C /* Products */ = {
			isa = PBXGroup;
			children = (
				BF42DD721B9618710096167C /* Geomento.app */,
			);
			name = Products;
			sourceTree = "<group>";
		};
		BF42DD741B9618710096167C /* Geomento */ = {
			isa = PBXGroup;
			children = (
				BF42DD991B962E780096167C /* Utils */,
				BF42DD941B961DD40096167C /* Shared Instances */,
				BF42DD8E1B961A7E0096167C /* Model */,
				BF42DD8F1B961A850096167C /* Controllers */,
				BF42DD901B961A8F0096167C /* Views */,
				BF42DD7F1B9618710096167C /* Assets.xcassets */,
				BF42DD751B9618710096167C /* AppDelegate.swift */,
				BF42DD841B9618710096167C /* Info.plist */,
				BF42DD7C1B9618710096167C /* Geomento.xcdatamodeld */,
			);
			path = Geomento;
			sourceTree = "<group>";
		};
		BF42DD8E1B961A7E0096167C /* Model */ = {
			isa = PBXGroup;
			children = (
				BF42DD8A1B961A780096167C /* Spot+CoreDataProperties.swift */,
				BF42DD8B1B961A780096167C /* Spot.swift */,
			);
			name = Model;
			path = ..;
			sourceTree = "<group>";
		};
		BF42DD8F1B961A850096167C /* Controllers */ = {
			isa = PBXGroup;
			children = (
				BF42DD771B9618710096167C /* BaseViewController.swift */,
				BFD99D011B977CA20088EE35 /* SpotsViewController.swift */,
				BF42DD911B961AEC0096167C /* ListViewController.swift */,
				BFD99CFF1B977C460088EE35 /* MapViewController.swift */,
				BF42DD971B9623470096167C /* EditSpotViewController.swift */,
			);
			name = Controllers;
			sourceTree = "<group>";
		};
		BF42DD901B961A8F0096167C /* Views */ = {
			isa = PBXGroup;
			children = (
				BF42DD811B9618710096167C /* LaunchScreen.storyboard */,
				BF42DD791B9618710096167C /* Main.storyboard */,
				BFA5230C1B976343007F25E3 /* SpotTableViewCell.swift */,
			);
			name = Views;
			sourceTree = "<group>";
		};
		BF42DD941B961DD40096167C /* Shared Instances */ = {
			isa = PBXGroup;
			children = (
				BF42DD951B961DEB0096167C /* PersitenceManager.swift */,
			);
			name = "Shared Instances";
			sourceTree = "<group>";
		};
		BF42DD991B962E780096167C /* Utils */ = {
			isa = PBXGroup;
			children = (
				BF42DD9A1B962E820096167C /* Utils.swift */,
			);
			name = Utils;
			sourceTree = "<group>";
		};
/* End PBXGroup section */

/* Begin PBXNativeTarget section */
		BF42DD711B9618710096167C /* Geomento */ = {
			isa = PBXNativeTarget;
			buildConfigurationList = BF42DD871B9618710096167C /* Build configuration list for PBXNativeTarget "Geomento" */;
			buildPhases = (
				BF42DD6E1B9618710096167C /* Sources */,
				BF42DD6F1B9618710096167C /* Frameworks */,
				BF42DD701B9618710096167C /* Resources */,
			);
			buildRules = (
			);
			dependencies = (
			);
			name = Geomento;
			productName = Geomento;
			productReference = BF42DD721B9618710096167C /* Geomento.app */;
			productType = "com.apple.product-type.application";
		};
/* End PBXNativeTarget section */

/* Begin PBXProject section */
		BF42DD6A1B9618710096167C /* Project object */ = {
			isa = PBXProject;
			attributes = {
				LastUpgradeCheck = 0700;
				ORGANIZATIONNAME = "Little Facto";
				TargetAttributes = {
					BF42DD711B9618710096167C = {
						CreatedOnToolsVersion = 7.0;
						DevelopmentTeam = DG6DDPED4N;
					};
				};
			};
			buildConfigurationList = BF42DD6D1B9618710096167C /* Build configuration list for PBXProject "Geomento" */;
			compatibilityVersion = "Xcode 3.2";
			developmentRegion = English;
			hasScannedForEncodings = 0;
			knownRegions = (
				en,
				Base,
			);
			mainGroup = BF42DD691B9618710096167C;
			productRefGroup = BF42DD731B9618710096167C /* Products */;
			projectDirPath = "";
			projectRoot = "";
			targets = (
				BF42DD711B9618710096167C /* Geomento */,
			);
		};
/* End PBXProject section */

/* Begin PBXResourcesBuildPhase section */
		BF42DD701B9618710096167C /* Resources */ = {
			isa = PBXResourcesBuildPhase;
			buildActionMask = 2147483647;
			files = (
				BF42DD831B9618710096167C /* LaunchScreen.storyboard in Resources */,
				BF42DD801B9618710096167C /* Assets.xcassets in Resources */,
				BF42DD7B1B9618710096167C /* Main.storyboard in Resources */,
			);
			runOnlyForDeploymentPostprocessing = 0;
		};
/* End PBXResourcesBuildPhase section */

/* Begin PBXSourcesBuildPhase section */
		BF42DD6E1B9618710096167C /* Sources */ = {
			isa = PBXSourcesBuildPhase;
			buildActionMask = 2147483647;
			files = (
				BFD99D021B977CA20088EE35 /* SpotsViewController.swift in Sources */,
				BFD99D001B977C460088EE35 /* MapViewController.swift in Sources */,
				BF42DD981B9623470096167C /* EditSpotViewController.swift in Sources */,
				BF42DD921B961AEC0096167C /* ListViewController.swift in Sources */,
				BF42DD9B1B962E820096167C /* Utils.swift in Sources */,
				BFA5230D1B976343007F25E3 /* SpotTableViewCell.swift in Sources */,
				BF42DD7E1B9618710096167C /* Geomento.xcdatamodeld in Sources */,
				BF42DD8C1B961A780096167C /* Spot+CoreDataProperties.swift in Sources */,
				BF42DD8D1B961A780096167C /* Spot.swift in Sources */,
				BF42DD961B961DEB0096167C /* PersitenceManager.swift in Sources */,
				BF42DD781B9618710096167C /* BaseViewController.swift in Sources */,
				BF42DD761B9618710096167C /* AppDelegate.swift in Sources */,
			);
			runOnlyForDeploymentPostprocessing = 0;
		};
/* End PBXSourcesBuildPhase section */

/* Begin PBXVariantGroup section */
		BF42DD791B9618710096167C /* Main.storyboard */ = {
			isa = PBXVariantGroup;
			children = (
				BF42DD7A1B9618710096167C /* Base */,
			);
			name = Main.storyboard;
			sourceTree = "<group>";
		};
		BF42DD811B9618710096167C /* LaunchScreen.storyboard */ = {
			isa = PBXVariantGroup;
			children = (
				BF42DD821B9618710096167C /* Base */,
			);
			name = LaunchScreen.storyboard;
			sourceTree = "<group>";
		};
/* End PBXVariantGroup section */

/* Begin XCBuildConfiguration section */
		BF42DD851B9618710096167C /* Debug */ = {
			isa = XCBuildConfiguration;
			buildSettings = {
				ALWAYS_SEARCH_USER_PATHS = NO;
				CLANG_CXX_LANGUAGE_STANDARD = "gnu++0x";
				CLANG_CXX_LIBRARY = "libc++";
				CLANG_ENABLE_MODULES = YES;
				CLANG_ENABLE_OBJC_ARC = YES;
				CLANG_WARN_BOOL_CONVERSION = YES;
				CLANG_WARN_CONSTANT_CONVERSION = YES;
				CLANG_WARN_DIRECT_OBJC_ISA_USAGE = YES_ERROR;
				CLANG_WARN_EMPTY_BODY = YES;
				CLANG_WARN_ENUM_CONVERSION = YES;
				CLANG_WARN_INT_CONVERSION = YES;
				CLANG_WARN_OBJC_ROOT_CLASS = YES_ERROR;
				CLANG_WARN_UNREACHABLE_CODE = YES;
				CLANG_WARN__DUPLICATE_METHOD_MATCH = YES;
				"CODE_SIGN_IDENTITY[sdk=iphoneos*]" = "iPhone Developer";
				COPY_PHASE_STRIP = NO;
				DEBUG_INFORMATION_FORMAT = dwarf;
				ENABLE_STRICT_OBJC_MSGSEND = YES;
				ENABLE_TESTABILITY = YES;
				GCC_C_LANGUAGE_STANDARD = gnu99;
				GCC_DYNAMIC_NO_PIC = NO;
				GCC_NO_COMMON_BLOCKS = YES;
				GCC_OPTIMIZATION_LEVEL = 0;
				GCC_PREPROCESSOR_DEFINITIONS = (
					"DEBUG=1",
					"$(inherited)",
				);
				GCC_WARN_64_TO_32_BIT_CONVERSION = YES;
				GCC_WARN_ABOUT_RETURN_TYPE = YES_ERROR;
				GCC_WARN_UNDECLARED_SELECTOR = YES;
				GCC_WARN_UNINITIALIZED_AUTOS = YES_AGGRESSIVE;
				GCC_WARN_UNUSED_FUNCTION = YES;
				GCC_WARN_UNUSED_VARIABLE = YES;
				IPHONEOS_DEPLOYMENT_TARGET = 9.0;
				MTL_ENABLE_DEBUG_INFO = YES;
				ONLY_ACTIVE_ARCH = YES;
				SDKROOT = iphoneos;
				SWIFT_OPTIMIZATION_LEVEL = "-Onone";
				TARGETED_DEVICE_FAMILY = "1,2";
			};
			name = Debug;
		};
		BF42DD861B9618710096167C /* Release */ = {
			isa = XCBuildConfiguration;
			buildSettings = {
				ALWAYS_SEARCH_USER_PATHS = NO;
				CLANG_CXX_LANGUAGE_STANDARD = "gnu++0x";
				CLANG_CXX_LIBRARY = "libc++";
				CLANG_ENABLE_MODULES = YES;
				CLANG_ENABLE_OBJC_ARC = YES;
				CLANG_WARN_BOOL_CONVERSION = YES;
				CLANG_WARN_CONSTANT_CONVERSION = YES;
				CLANG_WARN_DIRECT_OBJC_ISA_USAGE = YES_ERROR;
				CLANG_WARN_EMPTY_BODY = YES;
				CLANG_WARN_ENUM_CONVERSION = YES;
				CLANG_WARN_INT_CONVERSION = YES;
				CLANG_WARN_OBJC_ROOT_CLASS = YES_ERROR;
				CLANG_WARN_UNREACHABLE_CODE = YES;
				CLANG_WARN__DUPLICATE_METHOD_MATCH = YES;
				"CODE_SIGN_IDENTITY[sdk=iphoneos*]" = "iPhone Developer";
				COPY_PHASE_STRIP = NO;
				DEBUG_INFORMATION_FORMAT = "dwarf-with-dsym";
				ENABLE_NS_ASSERTIONS = NO;
				ENABLE_STRICT_OBJC_MSGSEND = YES;
				GCC_C_LANGUAGE_STANDARD = gnu99;
				GCC_NO_COMMON_BLOCKS = YES;
				GCC_WARN_64_TO_32_BIT_CONVERSION = YES;
				GCC_WARN_ABOUT_RETURN_TYPE = YES_ERROR;
				GCC_WARN_UNDECLARED_SELECTOR = YES;
				GCC_WARN_UNINITIALIZED_AUTOS = YES_AGGRESSIVE;
				GCC_WARN_UNUSED_FUNCTION = YES;
				GCC_WARN_UNUSED_VARIABLE = YES;
				IPHONEOS_DEPLOYMENT_TARGET = 9.0;
				MTL_ENABLE_DEBUG_INFO = NO;
				SDKROOT = iphoneos;
				TARGETED_DEVICE_FAMILY = "1,2";
				VALIDATE_PRODUCT = YES;
			};
			name = Release;
		};
		BF42DD881B9618710096167C /* Debug */ = {
			isa = XCBuildConfiguration;
			buildSettings = {
				ASSETCATALOG_COMPILER_APPICON_NAME = AppIcon;
				CODE_SIGN_IDENTITY = "iPhone Developer";
				"CODE_SIGN_IDENTITY[sdk=iphoneos*]" = "iPhone Developer";
				EMBEDDED_CONTENT_CONTAINS_SWIFT = YES;
				INFOPLIST_FILE = Geomento/Info.plist;
				IPHONEOS_DEPLOYMENT_TARGET = 9.0;
				LD_RUNPATH_SEARCH_PATHS = "$(inherited) @executable_path/Frameworks";
				PRODUCT_BUNDLE_IDENTIFIER = com.littlefacto.Geomento;
				PRODUCT_NAME = "$(TARGET_NAME)";
				PROVISIONING_PROFILE = "";
				TARGETED_DEVICE_FAMILY = 1;
			};
			name = Debug;
		};
		BF42DD891B9618710096167C /* Release */ = {
			isa = XCBuildConfiguration;
			buildSettings = {
				ASSETCATALOG_COMPILER_APPICON_NAME = AppIcon;
				CODE_SIGN_IDENTITY = "iPhone Developer";
				"CODE_SIGN_IDENTITY[sdk=iphoneos*]" = "iPhone Developer";
				EMBEDDED_CONTENT_CONTAINS_SWIFT = YES;
				INFOPLIST_FILE = Geomento/Info.plist;
				IPHONEOS_DEPLOYMENT_TARGET = 9.0;
				LD_RUNPATH_SEARCH_PATHS = "$(inherited) @executable_path/Frameworks";
				PRODUCT_BUNDLE_IDENTIFIER = com.littlefacto.Geomento;
				PRODUCT_NAME = "$(TARGET_NAME)";
				PROVISIONING_PROFILE = "";
				TARGETED_DEVICE_FAMILY = 1;
			};
			name = Release;
		};
/* End XCBuildConfiguration section */

/* Begin XCConfigurationList section */
		BF42DD6D1B9618710096167C /* Build configuration list for PBXProject "Geomento" */ = {
			isa = XCConfigurationList;
			buildConfigurations = (
				BF42DD851B9618710096167C /* Debug */,
				BF42DD861B9618710096167C /* Release */,
			);
			defaultConfigurationIsVisible = 0;
			defaultConfigurationName = Release;
		};
		BF42DD871B9618710096167C /* Build configuration list for PBXNativeTarget "Geomento" */ = {
			isa = XCConfigurationList;
			buildConfigurations = (
				BF42DD881B9618710096167C /* Debug */,
				BF42DD891B9618710096167C /* Release */,
			);
			defaultConfigurationIsVisible = 0;
			defaultConfigurationName = Release;
		};
/* End XCConfigurationList section */

/* Begin XCVersionGroup section */
		BF42DD7C1B9618710096167C /* Geomento.xcdatamodeld */ = {
			isa = XCVersionGroup;
			children = (
				BF42DD7D1B9618710096167C /* Geomento.xcdatamodel */,
			);
			currentVersion = BF42DD7D1B9618710096167C /* Geomento.xcdatamodel */;
			path = Geomento.xcdatamodeld;
			sourceTree = "<group>";
			versionGroupType = wrapper.xcdatamodel;
		};
/* End XCVersionGroup section */
	};
	rootObject = BF42DD6A1B9618710096167C /* Project object */;
}
